# THIS IS AN AUTOGENERATED FILE. DO NOT EDIT THIS FILE DIRECTLY.
# yarn lockfile v1


"@babel/helper-string-parser@^7.24.8":
  "integrity" "sha512-pO9KhhRcuUyGnJWwyEgnRJTSIZHiT+vMD0kPeD+so0l7mxkMT19g3pjY9GTnHySck/hDzq+dtW/4VgnMkippsQ=="
  "resolved" "https://registry.npmjs.org/@babel/helper-string-parser/-/helper-string-parser-7.24.8.tgz"
  "version" "7.24.8"

"@babel/helper-validator-identifier@^7.24.7":
  "integrity" "sha512-rR+PBcQ1SMQDDyF6X0wxtG8QyLCgUB0eRAGguqRLfkCA87l7yAP7ehq8SNj96OOGTO8OBV70KhuFYcIkHXOg0w=="
  "resolved" "https://registry.npmjs.org/@babel/helper-validator-identifier/-/helper-validator-identifier-7.24.7.tgz"
  "version" "7.24.7"

"@babel/parser@^7.24.7":
  "integrity" "sha512-nq+eWrOgdtu3jG5Os4TQP3x3cLA8hR8TvJNjD8vnPa20WGycimcparWnLK4jJhElTK6SDyuJo1weMKO/5LpmLA=="
  "resolved" "https://registry.npmjs.org/@babel/parser/-/parser-7.25.4.tgz"
  "version" "7.25.4"
  dependencies:
    "@babel/types" "^7.25.4"

"@babel/types@^7.25.4":
  "integrity" "sha512-zQ1ijeeCXVEh+aNL0RlmkPkG8HUiDcU2pzQQFjtbntgAczRASFzj4H+6+bV+dy1ntKR14I/DypeuRG1uma98iQ=="
  "resolved" "https://registry.npmjs.org/@babel/types/-/types-7.25.4.tgz"
  "version" "7.25.4"
  dependencies:
    "@babel/helper-string-parser" "^7.24.8"
    "@babel/helper-validator-identifier" "^7.24.7"
    "to-fast-properties" "^2.0.0"

"@esbuild/win32-x64@0.21.5":
  "integrity" "sha512-tQd/1efJuzPC6rCFwEvLtci/xNFcTZknmXs98FYDfGE4wP9ClFV98nyKrzJKVPMhdDnjzLhdUyMX4PsQAPjwIw=="
  "resolved" "https://registry.npmjs.org/@esbuild/win32-x64/-/win32-x64-0.21.5.tgz"
  "version" "0.21.5"

"@jridgewell/sourcemap-codec@^1.5.0":
  "integrity" "sha512-gv3ZRaISU3fjPAgNsriBRqGWQL6quFx04YMPW/zD8XMLsU32mhCCbfbO6KZFLjvYpCZ8zyDEgqsgf+PwPaM7GQ=="
  "resolved" "https://registry.npmjs.org/@jridgewell/sourcemap-codec/-/sourcemap-codec-1.5.0.tgz"
  "version" "1.5.0"

"@rollup/rollup-win32-x64-msvc@4.21.1":
  "integrity" "sha512-xGiIH95H1zU7naUyTKEyOA/I0aexNMUdO9qRv0bLKN3qu25bBdrxZHqA3PTJ24YNN/GdMzG4xkDcd/GvjuhfLg=="
  "resolved" "https://registry.npmjs.org/@rollup/rollup-win32-x64-msvc/-/rollup-win32-x64-msvc-4.21.1.tgz"
  "version" "4.21.1"

"@types/estree@1.0.5":
  "integrity" "sha512-/kYRxGDLWzHOB7q+wtSUQlFrtcdUccpfy+X+9iMBpHK8QLLhx2wIPYuS5DYtR9Wa/YlZAbIovy7qVdB1Aq6Lyw=="
  "resolved" "https://registry.npmjs.org/@types/estree/-/estree-1.0.5.tgz"
  "version" "1.0.5"

"@types/http-proxy@^1.17.10":
  "integrity" "sha512-25g5atgiVNTIv0LBDTg1H74Hvayx0ajtJPLLcYE3whFv75J0pWNtOBzaXJQgDTmrX1bx5U9YC2w/n65BN1HwRQ=="
  "resolved" "https://registry.npmjs.org/@types/http-proxy/-/http-proxy-1.17.15.tgz"
  "version" "1.17.15"
  dependencies:
    "@types/node" "*"

"@types/node@*", "@types/node@^18.0.0 || >=20.0.0":
  "integrity" "sha512-DkFrJOe+rfdHTqqMg0bSNlGlQ85hSoh2TPzZyhHsXnMtligRWpxUySiyw8FY14ITt24HVCiQPWxS3KO/QlGmWg=="
  "resolved" "https://registry.npmjs.org/@types/node/-/node-22.5.0.tgz"
  "version" "22.5.0"
  dependencies:
    "undici-types" "~6.19.2"

"@vitejs/plugin-vue@^5.0.5":
  "integrity" "sha512-nY9IwH12qeiJqumTCLJLE7IiNx7HZ39cbHaysEUd+Myvbz9KAqd2yq+U01Kab1R/H1BmiyM2ShTYlNH32Fzo3A=="
  "resolved" "https://registry.npmjs.org/@vitejs/plugin-vue/-/plugin-vue-5.1.2.tgz"
  "version" "5.1.2"

"@vue/compiler-core@3.4.38":
  "integrity" "sha512-8IQOTCWnLFqfHzOGm9+P8OPSEDukgg3Huc92qSG49if/xI2SAwLHQO2qaPQbjCWPBcQoO1WYfXfTACUrWV3c5A=="
  "resolved" "https://registry.npmjs.org/@vue/compiler-core/-/compiler-core-3.4.38.tgz"
  "version" "3.4.38"
  dependencies:
    "@babel/parser" "^7.24.7"
    "@vue/shared" "3.4.38"
    "entities" "^4.5.0"
    "estree-walker" "^2.0.2"
    "source-map-js" "^1.2.0"

"@vue/compiler-dom@3.4.38":
  "integrity" "sha512-Osc/c7ABsHXTsETLgykcOwIxFktHfGSUDkb05V61rocEfsFDcjDLH/IHJSNJP+/Sv9KeN2Lx1V6McZzlSb9EhQ=="
  "resolved" "https://registry.npmjs.org/@vue/compiler-dom/-/compiler-dom-3.4.38.tgz"
  "version" "3.4.38"
  dependencies:
    "@vue/compiler-core" "3.4.38"
    "@vue/shared" "3.4.38"

"@vue/compiler-sfc@3.4.38":
  "integrity" "sha512-s5QfZ+9PzPh3T5H4hsQDJtI8x7zdJaew/dCGgqZ2630XdzaZ3AD8xGZfBqpT8oaD/p2eedd+pL8tD5vvt5ZYJQ=="
  "resolved" "https://registry.npmjs.org/@vue/compiler-sfc/-/compiler-sfc-3.4.38.tgz"
  "version" "3.4.38"
  dependencies:
    "@babel/parser" "^7.24.7"
    "@vue/compiler-core" "3.4.38"
    "@vue/compiler-dom" "3.4.38"
    "@vue/compiler-ssr" "3.4.38"
    "@vue/shared" "3.4.38"
    "estree-walker" "^2.0.2"
    "magic-string" "^0.30.10"
    "postcss" "^8.4.40"
    "source-map-js" "^1.2.0"

"@vue/compiler-ssr@3.4.38":
  "integrity" "sha512-YXznKFQ8dxYpAz9zLuVvfcXhc31FSPFDcqr0kyujbOwNhlmaNvL2QfIy+RZeJgSn5Fk54CWoEUeW+NVBAogGaw=="
  "resolved" "https://registry.npmjs.org/@vue/compiler-ssr/-/compiler-ssr-3.4.38.tgz"
  "version" "3.4.38"
  dependencies:
    "@vue/compiler-dom" "3.4.38"
    "@vue/shared" "3.4.38"

"@vue/devtools-api@^6.6.3":
  "integrity" "sha512-0MiMsFma/HqA6g3KLKn+AGpL1kgKhFWszC9U29NfpWK5LE7bjeXxySWJrOJ77hBz+TBrBQ7o4QJqbPbqbs8rJw=="
  "resolved" "https://registry.npmjs.org/@vue/devtools-api/-/devtools-api-6.6.3.tgz"
  "version" "6.6.3"

"@vue/reactivity@3.4.38":
  "integrity" "sha512-4vl4wMMVniLsSYYeldAKzbk72+D3hUnkw9z8lDeJacTxAkXeDAP1uE9xr2+aKIN0ipOL8EG2GPouVTH6yF7Gnw=="
  "resolved" "https://registry.npmjs.org/@vue/reactivity/-/reactivity-3.4.38.tgz"
  "version" "3.4.38"
  dependencies:
    "@vue/shared" "3.4.38"

"@vue/runtime-core@3.4.38":
  "integrity" "sha512-21z3wA99EABtuf+O3IhdxP0iHgkBs1vuoCAsCKLVJPEjpVqvblwBnTj42vzHRlWDCyxu9ptDm7sI2ZMcWrQqlA=="
  "resolved" "https://registry.npmjs.org/@vue/runtime-core/-/runtime-core-3.4.38.tgz"
  "version" "3.4.38"
  dependencies:
    "@vue/reactivity" "3.4.38"
    "@vue/shared" "3.4.38"

"@vue/runtime-dom@3.4.38":
  "integrity" "sha512-afZzmUreU7vKwKsV17H1NDThEEmdYI+GCAK/KY1U957Ig2NATPVjCROv61R19fjZNzMmiU03n79OMnXyJVN0UA=="
  "resolved" "https://registry.npmjs.org/@vue/runtime-dom/-/runtime-dom-3.4.38.tgz"
  "version" "3.4.38"
  dependencies:
    "@vue/reactivity" "3.4.38"
    "@vue/runtime-core" "3.4.38"
    "@vue/shared" "3.4.38"
    "csstype" "^3.1.3"

"@vue/server-renderer@3.4.38":
  "integrity" "sha512-NggOTr82FbPEkkUvBm4fTGcwUY8UuTsnWC/L2YZBmvaQ4C4Jl/Ao4HHTB+l7WnFCt5M/dN3l0XLuyjzswGYVCA=="
  "resolved" "https://registry.npmjs.org/@vue/server-renderer/-/server-renderer-3.4.38.tgz"
  "version" "3.4.38"
  dependencies:
    "@vue/compiler-ssr" "3.4.38"
    "@vue/shared" "3.4.38"

"@vue/shared@3.4.38":
  "integrity" "sha512-q0xCiLkuWWQLzVrecPb0RMsNWyxICOjPrcrwxTUEHb1fsnvni4dcuyG7RT/Ie7VPTvnjzIaWzRMUBsrqNj/hhw=="
  "resolved" "https://registry.npmjs.org/@vue/shared/-/shared-3.4.38.tgz"
  "version" "3.4.38"

"asynckit@^0.4.0":
  "integrity" "sha512-Oei9OH4tRh0YqU3GxhX79dM/mwVgvbZJaSNaRk+bshkj0S5cfHcgYakreBjrHwatXKbz+IoIdYLxrKim2MjW0Q=="
  "resolved" "https://registry.npmjs.org/asynckit/-/asynckit-0.4.0.tgz"
  "version" "0.4.0"

"axios@^1.7.5":
  "integrity" "sha512-fZu86yCo+svH3uqJ/yTdQ0QHpQu5oL+/QE+QPSv6BZSkDAoky9vytxp7u5qk83OJFS3kEBcesWni9WTZAv3tSw=="
  "resolved" "https://registry.npmjs.org/axios/-/axios-1.7.5.tgz"
  "version" "1.7.5"
  dependencies:
    "follow-redirects" "^1.15.6"
    "form-data" "^4.0.0"
    "proxy-from-env" "^1.1.0"

"braces@^3.0.3":
  "integrity" "sha512-yQbXgO/OSZVD2IsiLlro+7Hf6Q18EJrKSEsdoMzKePKXct3gvD8oLcOQdIzGupr5Fj+EDe8gO/lxc1BzfMpxvA=="
  "resolved" "https://registry.npmjs.org/braces/-/braces-3.0.3.tgz"
  "version" "3.0.3"
  dependencies:
    "fill-range" "^7.1.1"

"combined-stream@^1.0.8":
  "integrity" "sha512-FQN4MRfuJeHf7cBbBMJFXhKSDq+2kAArBlmRBvcvFE5BB1HZKXtSFASDhdlz9zOYwxh8lDdnvmMOe/+5cdoEdg=="
  "resolved" "https://registry.npmjs.org/combined-stream/-/combined-stream-1.0.8.tgz"
  "version" "1.0.8"
  dependencies:
    "delayed-stream" "~1.0.0"

"commander@2":
  "integrity" "sha512-GpVkmM8vF2vQUkj2LvZmD35JxeJOLCwJ9cUkugyk2nuhbv3+mJvpLYYt+0+USMxE+oj+ey/lJEnhZw75x/OMcQ=="
  "resolved" "https://registry.npmjs.org/commander/-/commander-2.20.3.tgz"
  "version" "2.20.3"

"commander@7":
  "integrity" "sha512-QrWXB+ZQSVPmIWIhtEO9H+gwHaMGYiF5ChvoJ+K9ZGHG/sVsa6yiesAD1GC/x46sET00Xlwo1u49RVVVzvcSkw=="
  "resolved" "https://registry.npmjs.org/commander/-/commander-7.2.0.tgz"
  "version" "7.2.0"

"csstype@^3.1.3":
  "integrity" "sha512-M1uQkMl8rQK/szD0LNhtqxIPLpimGm8sOBwU7lLnCpSbTyY3yeU1Vc7l4KT5zT4s/yOxHH5O7tIuuLOCnLADRw=="
  "resolved" "https://registry.npmjs.org/csstype/-/csstype-3.1.3.tgz"
  "version" "3.1.3"

"d3-array@^3.2.0", "d3-array@2 - 3", "d3-array@2.10.0 - 3", "d3-array@2.5.0 - 3", "d3-array@3":
  "integrity" "sha512-tdQAmyA18i4J7wprpYq8ClcxZy3SC31QMeByyCFyRt7BVHdREQZ5lpzoe5mFEYZUWe+oq8HBvk9JjpibyEV4Jg=="
  "resolved" "https://registry.npmjs.org/d3-array/-/d3-array-3.2.4.tgz"
  "version" "3.2.4"
  dependencies:
    "internmap" "1 - 2"

"d3-axis@3":
  "integrity" "sha512-IH5tgjV4jE/GhHkRV0HiVYPDtvfjHQlQfJHs0usq7M30XcSBvOotpmH1IgkcXsO/5gEQZD43B//fc7SRT5S+xw=="
  "resolved" "https://registry.npmjs.org/d3-axis/-/d3-axis-3.0.0.tgz"
  "version" "3.0.0"

"d3-brush@3":
  "integrity" "sha512-ALnjWlVYkXsVIGlOsuWH1+3udkYFI48Ljihfnh8FZPF2QS9o+PzGLBslO0PjzVoHLZ2KCVgAM8NVkXPJB2aNnQ=="
  "resolved" "https://registry.npmjs.org/d3-brush/-/d3-brush-3.0.0.tgz"
  "version" "3.0.0"
  dependencies:
    "d3-dispatch" "1 - 3"
    "d3-drag" "2 - 3"
    "d3-interpolate" "1 - 3"
    "d3-selection" "3"
    "d3-transition" "3"

"d3-chord@3":
  "integrity" "sha512-VE5S6TNa+j8msksl7HwjxMHDM2yNK3XCkusIlpX5kwauBfXuyLAtNg9jCp/iHH61tgI4sb6R/EIMWCqEIdjT/g=="
  "resolved" "https://registry.npmjs.org/d3-chord/-/d3-chord-3.0.1.tgz"
  "version" "3.0.1"
  dependencies:
    "d3-path" "1 - 3"

"d3-color@1 - 3", "d3-color@3":
  "integrity" "sha512-zg/chbXyeBtMQ1LbD/WSoW2DpC3I0mpmPdW+ynRTj/x2DAWYrIY7qeZIHidozwV24m4iavr15lNwIwLxRmOxhA=="
  "resolved" "https://registry.npmjs.org/d3-color/-/d3-color-3.1.0.tgz"
  "version" "3.1.0"

"d3-contour@4":
  "integrity" "sha512-4EzFTRIikzs47RGmdxbeUvLWtGedDUNkTcmzoeyg4sP/dvCexO47AaQL7VKy/gul85TOxw+IBgA8US2xwbToNA=="
  "resolved" "https://registry.npmjs.org/d3-contour/-/d3-contour-4.0.2.tgz"
  "version" "4.0.2"
  dependencies:
    "d3-array" "^3.2.0"

"d3-delaunay@6":
  "integrity" "sha512-mdjtIZ1XLAM8bm/hx3WwjfHt6Sggek7qH043O8KEjDXN40xi3vx/6pYSVTwLjEgiXQTbvaouWKynLBiUZ6SK6A=="
  "resolved" "https://registry.npmjs.org/d3-delaunay/-/d3-delaunay-6.0.4.tgz"
  "version" "6.0.4"
  dependencies:
    "delaunator" "5"

"d3-dispatch@1 - 3", "d3-dispatch@3":
  "integrity" "sha512-rzUyPU/S7rwUflMyLc1ETDeBj0NRuHKKAcvukozwhshr6g6c5d8zh4c2gQjY2bZ0dXeGLWc1PF174P2tVvKhfg=="
  "resolved" "https://registry.npmjs.org/d3-dispatch/-/d3-dispatch-3.0.1.tgz"
  "version" "3.0.1"

"d3-drag@2 - 3", "d3-drag@3":
  "integrity" "sha512-pWbUJLdETVA8lQNJecMxoXfH6x+mO2UQo8rSmZ+QqxcbyA3hfeprFgIT//HW2nlHChWeIIMwS2Fq+gEARkhTkg=="
  "resolved" "https://registry.npmjs.org/d3-drag/-/d3-drag-3.0.0.tgz"
  "version" "3.0.0"
  dependencies:
    "d3-dispatch" "1 - 3"
    "d3-selection" "3"

"d3-dsv@1 - 3", "d3-dsv@3":
  "integrity" "sha512-UG6OvdI5afDIFP9w4G0mNq50dSOsXHJaRE8arAS5o9ApWnIElp8GZw1Dun8vP8OyHOZ/QJUKUJwxiiCCnUwm+Q=="
  "resolved" "https://registry.npmjs.org/d3-dsv/-/d3-dsv-3.0.1.tgz"
  "version" "3.0.1"
  dependencies:
    "commander" "7"
    "iconv-lite" "0.6"
    "rw" "1"

"d3-ease@1 - 3", "d3-ease@3":
  "integrity" "sha512-wR/XK3D3XcLIZwpbvQwQ5fK+8Ykds1ip7A2Txe0yxncXSdq1L9skcG7blcedkOX+ZcgxGAmLX1FrRGbADwzi0w=="
  "resolved" "https://registry.npmjs.org/d3-ease/-/d3-ease-3.0.1.tgz"
  "version" "3.0.1"

"d3-fetch@3":
  "integrity" "sha512-kpkQIM20n3oLVBKGg6oHrUchHM3xODkTzjMoj7aWQFq5QEM+R6E4WkzT5+tojDY7yjez8KgCBRoj4aEr99Fdqw=="
  "resolved" "https://registry.npmjs.org/d3-fetch/-/d3-fetch-3.0.1.tgz"
  "version" "3.0.1"
  dependencies:
    "d3-dsv" "1 - 3"

"d3-force@3":
  "integrity" "sha512-zxV/SsA+U4yte8051P4ECydjD/S+qeYtnaIyAs9tgHCqfguma/aAQDjo85A9Z6EKhBirHRJHXIgJUlffT4wdLg=="
  "resolved" "https://registry.npmjs.org/d3-force/-/d3-force-3.0.0.tgz"
  "version" "3.0.0"
  dependencies:
    "d3-dispatch" "1 - 3"
    "d3-quadtree" "1 - 3"
    "d3-timer" "1 - 3"

"d3-format@1 - 3", "d3-format@3":
  "integrity" "sha512-YyUI6AEuY/Wpt8KWLgZHsIU86atmikuoOmCfommt0LYHiQSPjvX2AcFc38PX0CBpr2RCyZhjex+NS/LPOv6YqA=="
  "resolved" "https://registry.npmjs.org/d3-format/-/d3-format-3.1.0.tgz"
  "version" "3.1.0"

"d3-geo@3":
  "integrity" "sha512-637ln3gXKXOwhalDzinUgY83KzNWZRKbYubaG+fGVuc/dxO64RRljtCTnf5ecMyE1RIdtqpkVcq0IbtU2S8j2Q=="
  "resolved" "https://registry.npmjs.org/d3-geo/-/d3-geo-3.1.1.tgz"
  "version" "3.1.1"
  dependencies:
    "d3-array" "2.5.0 - 3"

"d3-hierarchy@3":
  "integrity" "sha512-FX/9frcub54beBdugHjDCdikxThEqjnR93Qt7PvQTOHxyiNCAlvMrHhclk3cD5VeAaq9fxmfRp+CnWw9rEMBuA=="
  "resolved" "https://registry.npmjs.org/d3-hierarchy/-/d3-hierarchy-3.1.2.tgz"
  "version" "3.1.2"

"d3-interpolate@1 - 3", "d3-interpolate@1.2.0 - 3", "d3-interpolate@3":
  "integrity" "sha512-3bYs1rOD33uo8aqJfKP3JWPAibgw8Zm2+L9vBKEHJ2Rg+viTR7o5Mmv5mZcieN+FRYaAOWX5SJATX6k1PWz72g=="
  "resolved" "https://registry.npmjs.org/d3-interpolate/-/d3-interpolate-3.0.1.tgz"
  "version" "3.0.1"
  dependencies:
    "d3-color" "1 - 3"

"d3-path@^3.1.0", "d3-path@1 - 3", "d3-path@3":
  "integrity" "sha512-p3KP5HCf/bvjBSSKuXid6Zqijx7wIfNW+J/maPs+iwR35at5JCbLUT0LzF1cnjbCHWhqzQTIN2Jpe8pRebIEFQ=="
  "resolved" "https://registry.npmjs.org/d3-path/-/d3-path-3.1.0.tgz"
  "version" "3.1.0"

"d3-polygon@3":
  "integrity" "sha512-3vbA7vXYwfe1SYhED++fPUQlWSYTTGmFmQiany/gdbiWgU/iEyQzyymwL9SkJjFFuCS4902BSzewVGsHHmHtXg=="
  "resolved" "https://registry.npmjs.org/d3-polygon/-/d3-polygon-3.0.1.tgz"
  "version" "3.0.1"

"d3-quadtree@1 - 3", "d3-quadtree@3":
  "integrity" "sha512-04xDrxQTDTCFwP5H6hRhsRcb9xxv2RzkcsygFzmkSIOJy3PeRJP7sNk3VRIbKXcog561P9oU0/rVH6vDROAgUw=="
  "resolved" "https://registry.npmjs.org/d3-quadtree/-/d3-quadtree-3.0.1.tgz"
  "version" "3.0.1"

"d3-random@3":
  "integrity" "sha512-FXMe9GfxTxqd5D6jFsQ+DJ8BJS4E/fT5mqqdjovykEB2oFbTMDVdg1MGFxfQW+FBOGoB++k8swBrgwSHT1cUXQ=="
  "resolved" "https://registry.npmjs.org/d3-random/-/d3-random-3.0.1.tgz"
  "version" "3.0.1"

"d3-scale-chromatic@3":
  "integrity" "sha512-A3s5PWiZ9YCXFye1o246KoscMWqf8BsD9eRiJ3He7C9OBaxKhAd5TFCdEx/7VbKtxxTsu//1mMJFrEt572cEyQ=="
  "resolved" "https://registry.npmjs.org/d3-scale-chromatic/-/d3-scale-chromatic-3.1.0.tgz"
  "version" "3.1.0"
  dependencies:
    "d3-color" "1 - 3"
    "d3-interpolate" "1 - 3"

"d3-scale@4":
  "integrity" "sha512-GZW464g1SH7ag3Y7hXjf8RoUuAFIqklOAq3MRl4OaWabTFJY9PN/E1YklhXLh+OQ3fM9yS2nOkCoS+WLZ6kvxQ=="
  "resolved" "https://registry.npmjs.org/d3-scale/-/d3-scale-4.0.2.tgz"
  "version" "4.0.2"
  dependencies:
    "d3-array" "2.10.0 - 3"
    "d3-format" "1 - 3"
    "d3-interpolate" "1.2.0 - 3"
    "d3-time" "2.1.1 - 3"
    "d3-time-format" "2 - 4"

"d3-selection@2 - 3", "d3-selection@3":
  "integrity" "sha512-fmTRWbNMmsmWq6xJV8D19U/gw/bwrHfNXxrIN+HfZgnzqTHp9jOmKMhsTUjXOJnZOdZY9Q28y4yebKzqDKlxlQ=="
  "resolved" "https://registry.npmjs.org/d3-selection/-/d3-selection-3.0.0.tgz"
  "version" "3.0.0"

"d3-shape@3":
  "integrity" "sha512-SaLBuwGm3MOViRq2ABk3eLoxwZELpH6zhl3FbAoJ7Vm1gofKx6El1Ib5z23NUEhF9AsGl7y+dzLe5Cw2AArGTA=="
  "resolved" "https://registry.npmjs.org/d3-shape/-/d3-shape-3.2.0.tgz"
  "version" "3.2.0"
  dependencies:
    "d3-path" "^3.1.0"

"d3-time-format@2 - 4", "d3-time-format@4":
  "integrity" "sha512-dJxPBlzC7NugB2PDLwo9Q8JiTR3M3e4/XANkreKSUxF8vvXKqm1Yfq4Q5dl8budlunRVlUUaDUgFt7eA8D6NLg=="
  "resolved" "https://registry.npmjs.org/d3-time-format/-/d3-time-format-4.1.0.tgz"
  "version" "4.1.0"
  dependencies:
    "d3-time" "1 - 3"

"d3-time@1 - 3", "d3-time@2.1.1 - 3", "d3-time@3":
  "integrity" "sha512-VqKjzBLejbSMT4IgbmVgDjpkYrNWUYJnbCGo874u7MMKIWsILRX+OpX/gTk8MqjpT1A/c6HY2dCA77ZN0lkQ2Q=="
  "resolved" "https://registry.npmjs.org/d3-time/-/d3-time-3.1.0.tgz"
  "version" "3.1.0"
  dependencies:
    "d3-array" "2 - 3"

"d3-timer@1 - 3", "d3-timer@3":
  "integrity" "sha512-ndfJ/JxxMd3nw31uyKoY2naivF+r29V+Lc0svZxe1JvvIRmi8hUsrMvdOwgS1o6uBHmiz91geQ0ylPP0aj1VUA=="
  "resolved" "https://registry.npmjs.org/d3-timer/-/d3-timer-3.0.1.tgz"
  "version" "3.0.1"

"d3-transition@2 - 3", "d3-transition@3":
  "integrity" "sha512-ApKvfjsSR6tg06xrL434C0WydLr7JewBB3V+/39RMHsaXTOG0zmt/OAXeng5M5LBm0ojmxJrpomQVZ1aPvBL4w=="
  "resolved" "https://registry.npmjs.org/d3-transition/-/d3-transition-3.0.1.tgz"
  "version" "3.0.1"
  dependencies:
    "d3-color" "1 - 3"
    "d3-dispatch" "1 - 3"
    "d3-ease" "1 - 3"
    "d3-interpolate" "1 - 3"
    "d3-timer" "1 - 3"

"d3-zoom@3":
  "integrity" "sha512-b8AmV3kfQaqWAuacbPuNbL6vahnOJflOhexLzMMNLga62+/nh0JzvJ0aO/5a5MVgUFGS7Hu1P9P03o3fJkDCyw=="
  "resolved" "https://registry.npmjs.org/d3-zoom/-/d3-zoom-3.0.0.tgz"
  "version" "3.0.0"
  dependencies:
    "d3-dispatch" "1 - 3"
    "d3-drag" "2 - 3"
    "d3-interpolate" "1 - 3"
    "d3-selection" "2 - 3"
    "d3-transition" "2 - 3"

"d3@^7.9.0":
  "integrity" "sha512-e1U46jVP+w7Iut8Jt8ri1YsPOvFpg46k+K8TpCb0P+zjCkjkPnV7WzfDJzMHy1LnA+wj5pLT1wjO901gLXeEhA=="
  "resolved" "https://registry.npmjs.org/d3/-/d3-7.9.0.tgz"
  "version" "7.9.0"
  dependencies:
    "d3-array" "3"
    "d3-axis" "3"
    "d3-brush" "3"
    "d3-chord" "3"
    "d3-color" "3"
    "d3-contour" "4"
    "d3-delaunay" "6"
    "d3-dispatch" "3"
    "d3-drag" "3"
    "d3-dsv" "3"
    "d3-ease" "3"
    "d3-fetch" "3"
    "d3-force" "3"
    "d3-format" "3"
    "d3-geo" "3"
    "d3-hierarchy" "3"
    "d3-interpolate" "3"
    "d3-path" "3"
    "d3-polygon" "3"
    "d3-quadtree" "3"
    "d3-random" "3"
    "d3-scale" "4"
    "d3-scale-chromatic" "3"
    "d3-selection" "3"
    "d3-shape" "3"
    "d3-time" "3"
    "d3-time-format" "4"
    "d3-timer" "3"
    "d3-transition" "3"
    "d3-zoom" "3"

"debug@^4.3.4":
  "integrity" "sha512-O/09Bd4Z1fBrU4VzkhFqVgpPzaGbw6Sm9FEkBT1A/YBXQFGuuSxa1dN2nxgxS34JmKXqYx8CZAwEVoJFImUXIg=="
  "resolved" "https://registry.npmjs.org/debug/-/debug-4.3.6.tgz"
  "version" "4.3.6"
  dependencies:
    "ms" "2.1.2"

"delaunator@5":
  "integrity" "sha512-8nvh+XBe96aCESrGOqMp/84b13H9cdKbG5P2ejQCh4d4sK9RL4371qou9drQjMhvnPmhWl5hnmqbEE0fXr9Xnw=="
  "resolved" "https://registry.npmjs.org/delaunator/-/delaunator-5.0.1.tgz"
  "version" "5.0.1"
  dependencies:
    "robust-predicates" "^3.0.2"

"delayed-stream@~1.0.0":
  "integrity" "sha512-ZySD7Nf91aLB0RxL4KGrKHBXl7Eds1DAmEdcoVawXnLD7SDhpNgtuII2aAkg7a7QS41jxPSZ17p4VdGnMHk3MQ=="
  "resolved" "https://registry.npmjs.org/delayed-stream/-/delayed-stream-1.0.0.tgz"
  "version" "1.0.0"

"entities@^4.5.0":
  "integrity" "sha512-V0hjH4dGPh9Ao5p0MoRY6BVqtwCjhz6vI5LT8AJ55H+4g9/4vbHx1I54fS0XuclLhDHArPQCiMjDxjaL8fPxhw=="
  "resolved" "https://registry.npmjs.org/entities/-/entities-4.5.0.tgz"
  "version" "4.5.0"

"esbuild@^0.21.3":
  "integrity" "sha512-mg3OPMV4hXywwpoDxu3Qda5xCKQi+vCTZq8S9J/EpkhB2HzKXq4SNFZE3+NK93JYxc8VMSep+lOUSC/RVKaBqw=="
  "resolved" "https://registry.npmjs.org/esbuild/-/esbuild-0.21.5.tgz"
  "version" "0.21.5"
  optionalDependencies:
    "@esbuild/aix-ppc64" "0.21.5"
    "@esbuild/android-arm" "0.21.5"
    "@esbuild/android-arm64" "0.21.5"
    "@esbuild/android-x64" "0.21.5"
    "@esbuild/darwin-arm64" "0.21.5"
    "@esbuild/darwin-x64" "0.21.5"
    "@esbuild/freebsd-arm64" "0.21.5"
    "@esbuild/freebsd-x64" "0.21.5"
    "@esbuild/linux-arm" "0.21.5"
    "@esbuild/linux-arm64" "0.21.5"
    "@esbuild/linux-ia32" "0.21.5"
    "@esbuild/linux-loong64" "0.21.5"
    "@esbuild/linux-mips64el" "0.21.5"
    "@esbuild/linux-ppc64" "0.21.5"
    "@esbuild/linux-riscv64" "0.21.5"
    "@esbuild/linux-s390x" "0.21.5"
    "@esbuild/linux-x64" "0.21.5"
    "@esbuild/netbsd-x64" "0.21.5"
    "@esbuild/openbsd-x64" "0.21.5"
    "@esbuild/sunos-x64" "0.21.5"
    "@esbuild/win32-arm64" "0.21.5"
    "@esbuild/win32-ia32" "0.21.5"
    "@esbuild/win32-x64" "0.21.5"

"estree-walker@^2.0.2":
  "integrity" "sha512-Rfkk/Mp/DL7JVje3u18FxFujQlTNR2q6QfMSMB7AvCBx91NGj/ba3kCfza0f6dVDbw7YlRf/nDrn7pQrCCyQ/w=="
  "resolved" "https://registry.npmjs.org/estree-walker/-/estree-walker-2.0.2.tgz"
  "version" "2.0.2"

"eventemitter3@^4.0.0":
  "integrity" "sha512-8guHBZCwKnFhYdHr2ysuRWErTwhoN2X8XELRlrRwpmfeY2jjuUN4taQMsULKUVo1K4DvZl+0pgfyoysHxvmvEw=="
  "resolved" "https://registry.npmjs.org/eventemitter3/-/eventemitter3-4.0.7.tgz"
  "version" "4.0.7"

"fill-range@^7.1.1":
  "integrity" "sha512-YsGpe3WHLK8ZYi4tWDg2Jy3ebRz2rXowDxnld4bkQB00cc/1Zw9AWnC0i9ztDJitivtQvaI9KaLyKrc+hBW0yg=="
  "resolved" "https://registry.npmjs.org/fill-range/-/fill-range-7.1.1.tgz"
  "version" "7.1.1"
  dependencies:
    "to-regex-range" "^5.0.1"

"follow-redirects@^1.0.0", "follow-redirects@^1.15.6":
  "integrity" "sha512-wWN62YITEaOpSK584EZXJafH1AGpO8RVgElfkuXbTOrPX4fIfOyEpW/CsiNd8JdYrAoOvafRTOEnvsO++qCqFA=="
  "resolved" "https://registry.npmjs.org/follow-redirects/-/follow-redirects-1.15.6.tgz"
  "version" "1.15.6"

"form-data@^4.0.0":
  "integrity" "sha512-ETEklSGi5t0QMZuiXoA/Q6vcnxcLQP5vdugSpuAyi6SVGi2clPPp+xgEhuMaHC+zGgn31Kd235W35f7Hykkaww=="
  "resolved" "https://registry.npmjs.org/form-data/-/form-data-4.0.0.tgz"
  "version" "4.0.0"
  dependencies:
    "asynckit" "^0.4.0"
    "combined-stream" "^1.0.8"
    "mime-types" "^2.1.12"

"http-proxy-middleware@^3.0.0":
  "integrity" "sha512-36AV1fIaI2cWRzHo+rbcxhe3M3jUDCNzc4D5zRl57sEWRAxdXYtw7FSQKYY6PDKssiAKjLYypbssHk+xs/kMXw=="
  "resolved" "https://registry.npmjs.org/http-proxy-middleware/-/http-proxy-middleware-3.0.0.tgz"
  "version" "3.0.0"
  dependencies:
    "@types/http-proxy" "^1.17.10"
    "debug" "^4.3.4"
    "http-proxy" "^1.18.1"
    "is-glob" "^4.0.1"
    "is-plain-obj" "^3.0.0"
    "micromatch" "^4.0.5"

"http-proxy@^1.18.1":
  "integrity" "sha512-7mz/721AbnJwIVbnaSv1Cz3Am0ZLT/UBwkC92VlxhXv/k/BBQfM2fXElQNC27BVGr0uwUpplYPQM9LnaBMR5NQ=="
  "resolved" "https://registry.npmjs.org/http-proxy/-/http-proxy-1.18.1.tgz"
  "version" "1.18.1"
  dependencies:
    "eventemitter3" "^4.0.0"
    "follow-redirects" "^1.0.0"
    "requires-port" "^1.0.0"

"iconv-lite@0.6":
  "integrity" "sha512-4fCk79wshMdzMp2rH06qWrJE4iolqLhCUH+OiuIgU++RB0+94NlDL81atO7GX55uUKueo0txHNtvEyI6D7WdMw=="
  "resolved" "https://registry.npmjs.org/iconv-lite/-/iconv-lite-0.6.3.tgz"
  "version" "0.6.3"
  dependencies:
    "safer-buffer" ">= 2.1.2 < 3.0.0"

"internmap@1 - 2":
  "integrity" "sha512-5Hh7Y1wQbvY5ooGgPbDaL5iYLAPzMTUrjMulskHLH6wnv/A+1q5rgEaiuqEjB+oxGXIVZs1FF+R/KPN3ZSQYYg=="
  "resolved" "https://registry.npmjs.org/internmap/-/internmap-2.0.3.tgz"
  "version" "2.0.3"

"is-extglob@^2.1.1":
  "integrity" "sha512-SbKbANkN603Vi4jEZv49LeVJMn4yGwsbzZworEoyEiutsN3nJYdbO36zfhGJ6QEDpOZIFkDtnq5JRxmvl3jsoQ=="
  "resolved" "https://registry.npmjs.org/is-extglob/-/is-extglob-2.1.1.tgz"
  "version" "2.1.1"

"is-glob@^4.0.1":
  "integrity" "sha512-xelSayHH36ZgE7ZWhli7pW34hNbNl8Ojv5KVmkJD4hBdD3th8Tfk9vYasLM+mXWOZhFkgZfxhLSnrwRr4elSSg=="
  "resolved" "https://registry.npmjs.org/is-glob/-/is-glob-4.0.3.tgz"
  "version" "4.0.3"
  dependencies:
    "is-extglob" "^2.1.1"

"is-number@^7.0.0":
  "integrity" "sha512-41Cifkg6e8TylSpdtTpeLVMqvSBEVzTttHvERD741+pnZ8ANv0004MRL43QKPDlK9cGvNp6NZWZUBlbGXYxxng=="
  "resolved" "https://registry.npmjs.org/is-number/-/is-number-7.0.0.tgz"
  "version" "7.0.0"

"is-plain-obj@^3.0.0":
  "integrity" "sha512-gwsOE28k+23GP1B6vFl1oVh/WOzmawBrKwo5Ev6wMKzPkaXaCDIQKzLnvsA42DRlbVTWorkgTKIviAKCWkfUwA=="
  "resolved" "https://registry.npmjs.org/is-plain-obj/-/is-plain-obj-3.0.0.tgz"
  "version" "3.0.0"

"magic-string@^0.30.10":
  "integrity" "sha512-+Wri9p0QHMy+545hKww7YAu5NyzF8iomPL/RQazugQ9+Ez4Ic3mERMd8ZTX5rfK944j+560ZJi8iAwgak1Ac7A=="
  "resolved" "https://registry.npmjs.org/magic-string/-/magic-string-0.30.11.tgz"
  "version" "0.30.11"
  dependencies:
    "@jridgewell/sourcemap-codec" "^1.5.0"

"micromatch@^4.0.5":
  "integrity" "sha512-PXwfBhYu0hBCPw8Dn0E+WDYb7af3dSLVWKi3HGv84IdF4TyFoC0ysxFd0Goxw7nSv4T/PzEJQxsYsEiFCKo2BA=="
  "resolved" "https://registry.npmjs.org/micromatch/-/micromatch-4.0.8.tgz"
  "version" "4.0.8"
  dependencies:
    "braces" "^3.0.3"
    "picomatch" "^2.3.1"

"mime-db@1.52.0":
  "integrity" "sha512-sPU4uV7dYlvtWJxwwxHD0PuihVNiE7TyAbQ5SWxDCB9mUYvOgroQOwYQQOKPJ8CIbE+1ETVlOoK1UC2nU3gYvg=="
  "resolved" "https://registry.npmjs.org/mime-db/-/mime-db-1.52.0.tgz"
  "version" "1.52.0"

"mime-types@^2.1.12":
  "integrity" "sha512-ZDY+bPm5zTTF+YpCrAU9nK0UgICYPT0QtT1NZWFv4s++TNkcgVaT0g6+4R2uI4MjQjzysHB1zxuWL50hzaeXiw=="
  "resolved" "https://registry.npmjs.org/mime-types/-/mime-types-2.1.35.tgz"
  "version" "2.1.35"
  dependencies:
    "mime-db" "1.52.0"

"ms@2.1.2":
  "integrity" "sha512-sGkPx+VjMtmA6MX27oA4FBFELFCZZ4S4XqeGOXCv68tT+jb3vk/RyaKWP0PTKyWtmLSM0b+adUTEvbs1PEaH2w=="
  "resolved" "https://registry.npmjs.org/ms/-/ms-2.1.2.tgz"
  "version" "2.1.2"

"nanoid@^3.3.7":
  "integrity" "sha512-eSRppjcPIatRIMC1U6UngP8XFcz8MQWGQdt1MTBQ7NaAmvXDfvNxbvWV3x2y6CdEUciCSsDHDQZbhYaB8QEo2g=="
  "resolved" "https://registry.npmjs.org/nanoid/-/nanoid-3.3.7.tgz"
  "version" "3.3.7"

"picocolors@^1.0.1":
  "integrity" "sha512-anP1Z8qwhkbmu7MFP5iTt+wQKXgwzf7zTyGlcdzabySa9vd0Xt392U0rVmz9poOaBj0uHJKyyo9/upk0HrEQew=="
  "resolved" "https://registry.npmjs.org/picocolors/-/picocolors-1.0.1.tgz"
  "version" "1.0.1"

"picomatch@^2.3.1":
  "integrity" "sha512-JU3teHTNjmE2VCGFzuY8EXzCDVwEqB2a8fsIvwaStHhAWJEeVd1o1QD80CU6+ZdEXXSLbSsuLwJjkCBWqRQUVA=="
  "resolved" "https://registry.npmjs.org/picomatch/-/picomatch-2.3.1.tgz"
  "version" "2.3.1"

"postcss@^8.4.40", "postcss@^8.4.41":
  "integrity" "sha512-TesUflQ0WKZqAvg52PWL6kHgLKP6xB6heTOdoYM0Wt2UHyxNa4K25EZZMgKns3BH1RLVbZCREPpLY0rhnNoHVQ=="
  "resolved" "https://registry.npmjs.org/postcss/-/postcss-8.4.41.tgz"
  "version" "8.4.41"
  dependencies:
    "nanoid" "^3.3.7"
    "picocolors" "^1.0.1"
    "source-map-js" "^1.2.0"

"proxy-from-env@^1.1.0":
  "integrity" "sha512-D+zkORCbA9f1tdWRK0RaCR3GPv50cMxcrz4X8k5LTSUD1Dkw47mKJEZQNunItRTkWwgtaUSo1RVFRIG9ZXiFYg=="
  "resolved" "https://registry.npmjs.org/proxy-from-env/-/proxy-from-env-1.1.0.tgz"
  "version" "1.1.0"

"requires-port@^1.0.0":
  "integrity" "sha512-KigOCHcocU3XODJxsu8i/j8T9tzT4adHiecwORRQ0ZZFcp7ahwXuRU1m+yuO90C5ZUyGeGfocHDI14M3L3yDAQ=="
  "resolved" "https://registry.npmjs.org/requires-port/-/requires-port-1.0.0.tgz"
  "version" "1.0.0"

"robust-predicates@^3.0.2":
  "integrity" "sha512-IXgzBWvWQwE6PrDI05OvmXUIruQTcoMDzRsOd5CDvHCVLcLHMTSYvOK5Cm46kWqlV3yAbuSpBZdJ5oP5OUoStg=="
  "resolved" "https://registry.npmjs.org/robust-predicates/-/robust-predicates-3.0.2.tgz"
  "version" "3.0.2"

"rollup@^4.20.0":
  "integrity" "sha512-ZnYyKvscThhgd3M5+Qt3pmhO4jIRR5RGzaSovB6Q7rGNrK5cUncrtLmcTTJVSdcKXyZjW8X8MB0JMSuH9bcAJg=="
  "resolved" "https://registry.npmjs.org/rollup/-/rollup-4.21.1.tgz"
  "version" "4.21.1"
  dependencies:
    "@types/estree" "1.0.5"
  optionalDependencies:
    "@rollup/rollup-android-arm-eabi" "4.21.1"
    "@rollup/rollup-android-arm64" "4.21.1"
    "@rollup/rollup-darwin-arm64" "4.21.1"
    "@rollup/rollup-darwin-x64" "4.21.1"
    "@rollup/rollup-linux-arm-gnueabihf" "4.21.1"
    "@rollup/rollup-linux-arm-musleabihf" "4.21.1"
    "@rollup/rollup-linux-arm64-gnu" "4.21.1"
    "@rollup/rollup-linux-arm64-musl" "4.21.1"
    "@rollup/rollup-linux-powerpc64le-gnu" "4.21.1"
    "@rollup/rollup-linux-riscv64-gnu" "4.21.1"
    "@rollup/rollup-linux-s390x-gnu" "4.21.1"
    "@rollup/rollup-linux-x64-gnu" "4.21.1"
    "@rollup/rollup-linux-x64-musl" "4.21.1"
    "@rollup/rollup-win32-arm64-msvc" "4.21.1"
    "@rollup/rollup-win32-ia32-msvc" "4.21.1"
    "@rollup/rollup-win32-x64-msvc" "4.21.1"
    "fsevents" "~2.3.2"

"rw@1":
  "integrity" "sha512-PdhdWy89SiZogBLaw42zdeqtRJ//zFd2PgQavcICDUgJT5oW10QCRKbJ6bg4r0/UY2M6BWd5tkxuGFRvCkgfHQ=="
  "resolved" "https://registry.npmjs.org/rw/-/rw-1.3.3.tgz"
  "version" "1.3.3"

"safer-buffer@>= 2.1.2 < 3.0.0":
  "integrity" "sha512-YZo3K82SD7Riyi0E1EQPojLz7kpepnSQI9IyPbHHg1XXXevb5dJI7tpyN2ADxGcQbHG7vcyRHk0cbwqcQriUtg=="
  "resolved" "https://registry.npmjs.org/safer-buffer/-/safer-buffer-2.1.2.tgz"
  "version" "2.1.2"

"source-map-js@^1.2.0":
  "integrity" "sha512-itJW8lvSA0TXEphiRoawsCksnlf8SyvmFzIhltqAHluXd88pkCd+cXJVHTDwdCr0IzwptSm035IHQktUu1QUMg=="
  "resolved" "https://registry.npmjs.org/source-map-js/-/source-map-js-1.2.0.tgz"
  "version" "1.2.0"

"to-fast-properties@^2.0.0":
  "integrity" "sha512-/OaKK0xYrs3DmxRYqL/yDc+FxFUVYhDlXMhRmv3z915w2HF1tnN1omB354j8VUGO/hbRzyD6Y3sA7v7GS/ceog=="
  "resolved" "https://registry.npmjs.org/to-fast-properties/-/to-fast-properties-2.0.0.tgz"
  "version" "2.0.0"

"to-regex-range@^5.0.1":
  "integrity" "sha512-65P7iz6X5yEr1cwcgvQxbbIw7Uk3gOy5dIdtZ4rDveLqhrdJP+Li/Hx6tyK0NEb+2GCyneCMJiGqrADCSNk8sQ=="
  "resolved" "https://registry.npmjs.org/to-regex-range/-/to-regex-range-5.0.1.tgz"
  "version" "5.0.1"
  dependencies:
    "is-number" "^7.0.0"

"topojson-client@^3.1.0":
  "integrity" "sha512-605uxS6bcYxGXw9qi62XyrV6Q3xwbndjachmNxu8HWTtVPxZfEJN9fd/SZS1Q54Sn2y0TMyMxFj/cJINqGHrKw=="
  "resolved" "https://registry.npmjs.org/topojson-client/-/topojson-client-3.1.0.tgz"
  "version" "3.1.0"
  dependencies:
    "commander" "2"

"undici-types@~6.19.2":
  "integrity" "sha512-ve2KP6f/JnbPBFyobGHuerC9g1FYGn/F8n1LWTwNxCEzd6IfqTwUQcNXgEtmmQ6DlRrC1hrSrBnCZPokRrDHjw=="
  "resolved" "https://registry.npmjs.org/undici-types/-/undici-types-6.19.8.tgz"
  "version" "6.19.8"

"vite@^5.0.0", "vite@^5.3.1":
  "integrity" "sha512-dDrQTRHp5C1fTFzcSaMxjk6vdpKvT+2/mIdE07Gw2ykehT49O0z/VHS3zZ8iV/Gh8BJJKHWOe5RjaNrW5xf/GA=="
  "resolved" "https://registry.npmjs.org/vite/-/vite-5.4.2.tgz"
  "version" "5.4.2"
  dependencies:
    "esbuild" "^0.21.3"
    "postcss" "^8.4.41"
    "rollup" "^4.20.0"
  optionalDependencies:
    "fsevents" "~2.3.3"

"vue-router@^4.3.3":
  "integrity" "sha512-sv6wmNKx2j3aqJQDMxLFzs/u/mjA9Z5LCgy6BE0f7yFWMjrPLnS/sPNn8ARY/FXw6byV18EFutn5lTO6+UsV5A=="
  "resolved" "https://registry.npmjs.org/vue-router/-/vue-router-4.4.3.tgz"
  "version" "4.4.3"
  dependencies:
    "@vue/devtools-api" "^6.6.3"

"vue@^3.2.0", "vue@^3.2.25", "vue@^3.4.29", "vue@3.4.38":
  "integrity" "sha512-f0ZgN+mZ5KFgVv9wz0f4OgVKukoXtS3nwET4c2vLBGQR50aI8G0cqbFtLlX9Yiyg3LFGBitruPHt2PxwTduJEw=="
  "resolved" "https://registry.npmjs.org/vue/-/vue-3.4.38.tgz"
  "version" "3.4.38"
  dependencies:
    "@vue/compiler-dom" "3.4.38"
    "@vue/compiler-sfc" "3.4.38"
    "@vue/runtime-dom" "3.4.38"
    "@vue/server-renderer" "3.4.38"
    "@vue/shared" "3.4.38"
